// !$*UTF8*$!
{
	archiveVersion = 1;
	classes = {
	};
	objectVersion = 46;
	objects = {

/* Begin PBXBuildFile section */
		0684C4221C245683009E2B79 /* AppDelegate.swift in Sources */ = {isa = PBXBuildFile; fileRef = 0684C4211C245683009E2B79 /* AppDelegate.swift */; };
		0684C4241C245683009E2B79 /* ViewController.swift in Sources */ = {isa = PBXBuildFile; fileRef = 0684C4231C245683009E2B79 /* ViewController.swift */; };
		0684C4271C245683009E2B79 /* Main.storyboard in Resources */ = {isa = PBXBuildFile; fileRef = 0684C4251C245683009E2B79 /* Main.storyboard */; };
		0684C4291C245683009E2B79 /* Assets.xcassets in Resources */ = {isa = PBXBuildFile; fileRef = 0684C4281C245683009E2B79 /* Assets.xcassets */; };
		0684C42C1C245683009E2B79 /* LaunchScreen.storyboard in Resources */ = {isa = PBXBuildFile; fileRef = 0684C42A1C245683009E2B79 /* LaunchScreen.storyboard */; };
		0684C4371C245683009E2B79 /* Dealer_AppTests.swift in Sources */ = {isa = PBXBuildFile; fileRef = 0684C4361C245683009E2B79 /* Dealer_AppTests.swift */; };
		0684C4461C2CBE35009E2B79 /* Inv.swift in Sources */ = {isa = PBXBuildFile; fileRef = 0684C4451C2CBE35009E2B79 /* Inv.swift */; };
		0684C4481C2CBF46009E2B79 /* InvTran.swift in Sources */ = {isa = PBXBuildFile; fileRef = 0684C4471C2CBF46009E2B79 /* InvTran.swift */; };
/* End PBXBuildFile section */

/* Begin PBXContainerItemProxy section */
		0684C4331C245683009E2B79 /* PBXContainerItemProxy */ = {
			isa = PBXContainerItemProxy;
			containerPortal = 0684C4161C245683009E2B79 /* Project object */;
			proxyType = 1;
			remoteGlobalIDString = 0684C41D1C245683009E2B79;
			remoteInfo = Dealer_App;
		};
/* End PBXContainerItemProxy section */

/* Begin PBXFileReference section */
		0684C41E1C245683009E2B79 /* Dealer_App.app */ = {isa = PBXFileReference; explicitFileType = wrapper.application; includeInIndex = 0; path = Dealer_App.app; sourceTree = BUILT_PRODUCTS_DIR; };
		0684C4211C245683009E2B79 /* AppDelegate.swift */ = {isa = PBXFileReference; lastKnownFileType = sourcecode.swift; path = AppDelegate.swift; sourceTree = "<group>"; };
		0684C4231C245683009E2B79 /* ViewController.swift */ = {isa = PBXFileReference; lastKnownFileType = sourcecode.swift; path = ViewController.swift; sourceTree = "<group>"; };
		0684C4261C245683009E2B79 /* Base */ = {isa = PBXFileReference; lastKnownFileType = file.storyboard; name = Base; path = Base.lproj/Main.storyboard; sourceTree = "<group>"; };
		0684C4281C245683009E2B79 /* Assets.xcassets */ = {isa = PBXFileReference; lastKnownFileType = folder.assetcatalog; path = Assets.xcassets; sourceTree = "<group>"; };
		0684C42B1C245683009E2B79 /* Base */ = {isa = PBXFileReference; lastKnownFileType = file.storyboard; name = Base; path = Base.lproj/LaunchScreen.storyboard; sourceTree = "<group>"; };
		0684C42D1C245683009E2B79 /* Info.plist */ = {isa = PBXFileReference; lastKnownFileType = text.plist.xml; path = Info.plist; sourceTree = "<group>"; };
		0684C4321C245683009E2B79 /* Dealer_AppTests.xctest */ = {isa = PBXFileReference; explicitFileType = wrapper.cfbundle; includeInIndex = 0; path = Dealer_AppTests.xctest; sourceTree = BUILT_PRODUCTS_DIR; };
		0684C4361C245683009E2B79 /* Dealer_AppTests.swift */ = {isa = PBXFileReference; lastKnownFileType = sourcecode.swift; path = Dealer_AppTests.swift; sourceTree = "<group>"; };
		0684C4381C245683009E2B79 /* Info.plist */ = {isa = PBXFileReference; lastKnownFileType = text.plist.xml; path = Info.plist; sourceTree = "<group>"; };
		0684C4451C2CBE35009E2B79 /* Inv.swift */ = {isa = PBXFileReference; fileEncoding = 4; lastKnownFileType = sourcecode.swift; path = Inv.swift; sourceTree = "<group>"; };
		0684C4471C2CBF46009E2B79 /* InvTran.swift */ = {isa = PBXFileReference; fileEncoding = 4; lastKnownFileType = sourcecode.swift; path = InvTran.swift; sourceTree = "<group>"; };
/* End PBXFileReference section */

/* Begin PBXFrameworksBuildPhase section */
		0684C41B1C245683009E2B79 /* Frameworks */ = {
			isa = PBXFrameworksBuildPhase;
			buildActionMask = 2147483647;
			files = (
			);
			runOnlyForDeploymentPostprocessing = 0;
		};
		0684C42F1C245683009E2B79 /* Frameworks */ = {
			isa = PBXFrameworksBuildPhase;
			buildActionMask = 2147483647;
			files = (
			);
			runOnlyForDeploymentPostprocessing = 0;
		};
/* End PBXFrameworksBuildPhase section */

/* Begin PBXGroup section */
		0684C4151C245683009E2B79 = {
			isa = PBXGroup;
			children = (
				0684C4201C245683009E2B79 /* Dealer_App */,
				0684C4351C245683009E2B79 /* Dealer_AppTests */,
				0684C41F1C245683009E2B79 /* Products */,
			);
			sourceTree = "<group>";
		};
		0684C41F1C245683009E2B79 /* Products */ = {
			isa = PBXGroup;
			children = (
				0684C41E1C245683009E2B79 /* Dealer_App.app */,
				0684C4321C245683009E2B79 /* Dealer_AppTests.xctest */,
			);
			name = Products;
			sourceTree = "<group>";
		};
		0684C4201C245683009E2B79 /* Dealer_App */ = {
			isa = PBXGroup;
			children = (
				0684C4211C245683009E2B79 /* AppDelegate.swift */,
				0684C4231C245683009E2B79 /* ViewController.swift */,
				0684C4251C245683009E2B79 /* Main.storyboard */,
				0684C4451C2CBE35009E2B79 /* Inv.swift */,
				0684C4471C2CBF46009E2B79 /* InvTran.swift */,
				0684C4281C245683009E2B79 /* Assets.xcassets */,
				0684C42A1C245683009E2B79 /* LaunchScreen.storyboard */,
				0684C42D1C245683009E2B79 /* Info.plist */,
			);
			path = Dealer_App;
			sourceTree = "<group>";
		};
		0684C4351C245683009E2B79 /* Dealer_AppTests */ = {
			isa = PBXGroup;
			children = (
				0684C4361C245683009E2B79 /* Dealer_AppTests.swift */,
				0684C4381C245683009E2B79 /* Info.plist */,
			);
			path = Dealer_AppTests;
			sourceTree = "<group>";
		};
/* End PBXGroup section */

/* Begin PBXNativeTarget section */
		0684C41D1C245683009E2B79 /* Dealer_App */ = {
			isa = PBXNativeTarget;
			buildConfigurationList = 0684C43B1C245683009E2B79 /* Build configuration list for PBXNativeTarget "Dealer_App" */;
			buildPhases = (
				0684C41A1C245683009E2B79 /* Sources */,
				0684C41B1C245683009E2B79 /* Frameworks */,
				0684C41C1C245683009E2B79 /* Resources */,
			);
			buildRules = (
			);
			dependencies = (
			);
			name = Dealer_App;
			productName = Dealer_App;
			productReference = 0684C41E1C245683009E2B79 /* Dealer_App.app */;
			productType = "com.apple.product-type.application";
		};
		0684C4311C245683009E2B79 /* Dealer_AppTests */ = {
			isa = PBXNativeTarget;
			buildConfigurationList = 0684C43E1C245683009E2B79 /* Build configuration list for PBXNativeTarget "Dealer_AppTests" */;
			buildPhases = (
				0684C42E1C245683009E2B79 /* Sources */,
				0684C42F1C245683009E2B79 /* Frameworks */,
				0684C4301C245683009E2B79 /* Resources */,
			);
			buildRules = (
			);
			dependencies = (
				0684C4341C245683009E2B79 /* PBXTargetDependency */,
			);
			name = Dealer_AppTests;
			productName = Dealer_AppTests;
			productReference = 0684C4321C245683009E2B79 /* Dealer_AppTests.xctest */;
			productType = "com.apple.product-type.bundle.unit-test";
		};
/* End PBXNativeTarget section */

/* Begin PBXProject section */
		0684C4161C245683009E2B79 /* Project object */ = {
			isa = PBXProject;
			attributes = {
				LastSwiftUpdateCheck = 0720;
				LastUpgradeCheck = 0720;
				ORGANIZATIONNAME = "minh nguyen";
				TargetAttributes = {
					0684C41D1C245683009E2B79 = {
						CreatedOnToolsVersion = 7.2;
					};
					0684C4311C245683009E2B79 = {
						CreatedOnToolsVersion = 7.2;
						TestTargetID = 0684C41D1C245683009E2B79;
					};
				};
			};
			buildConfigurationList = 0684C4191C245683009E2B79 /* Build configuration list for PBXProject "Dealer_App" */;
			compatibilityVersion = "Xcode 3.2";
			developmentRegion = English;
			hasScannedForEncodings = 0;
			knownRegions = (
				en,
				Base,
			);
			mainGroup = 0684C4151C245683009E2B79;
			productRefGroup = 0684C41F1C245683009E2B79 /* Products */;
			projectDirPath = "";
			projectRoot = "";
			targets = (
				0684C41D1C245683009E2B79 /* Dealer_App */,
				0684C4311C245683009E2B79 /* Dealer_AppTests */,
			);
		};
/* End PBXProject section */

/* Begin PBXResourcesBuildPhase section */
		0684C41C1C245683009E2B79 /* Resources */ = {
			isa = PBXResourcesBuildPhase;
			buildActionMask = 2147483647;
			files = (
				0684C42C1C245683009E2B79 /* LaunchScreen.storyboard in Resources */,
				0684C4291C245683009E2B79 /* Assets.xcassets in Resources */,
				0684C4271C245683009E2B79 /* Main.storyboard in Resources */,
			);
			runOnlyForDeploymentPostprocessing = 0;
		};
		0684C4301C245683009E2B79 /* Resources */ = {
			isa = PBXResourcesBuildPhase;
			buildActionMask = 2147483647;
			files = (
			);
			runOnlyForDeploymentPostprocessing = 0;
		};
/* End PBXResourcesBuildPhase section */

/* Begin PBXSourcesBuildPhase section */
		0684C41A1C245683009E2B79 /* Sources */ = {
			isa = PBXSourcesBuildPhase;
			buildActionMask = 2147483647;
			files = (
				0684C4461C2CBE35009E2B79 /* Inv.swift in Sources */,
				0684C4241C245683009E2B79 /* ViewController.swift in Sources */,
				0684C4481C2CBF46009E2B79 /* InvTran.swift in Sources */,
				0684C4221C245683009E2B79 /* AppDelegate.swift in Sources */,
			);
			runOnlyForDeploymentPostprocessing = 0;
		};
		0684C42E1C245683009E2B79 /* Sources */ = {
			isa = PBXSourcesBuildPhase;
			buildActionMask = 2147483647;
			files = (
				0684C4371C245683009E2B79 /* Dealer_AppTests.swift in Sources */,
			);
			runOnlyForDeploymentPostprocessing = 0;
		};
/* End PBXSourcesBuildPhase section */

/* Begin PBXTargetDependency section */
		0684C4341C245683009E2B79 /* PBXTargetDependency */ = {
			isa = PBXTargetDependency;
			target = 0684C41D1C245683009E2B79 /* Dealer_App */;
			targetProxy = 0684C4331C245683009E2B79 /* PBXContainerItemProxy */;
		};
/* End PBXTargetDependency section */

/* Begin PBXVariantGroup section */
		0684C4251C245683009E2B79 /* Main.storyboard */ = {
			isa = PBXVariantGroup;
			children = (
				0684C4261C245683009E2B79 /* Base */,
			);
			name = Main.storyboard;
			sourceTree = "<group>";
		};
		0684C42A1C245683009E2B79 /* LaunchScreen.storyboard */ = {
			isa = PBXVariantGroup;
			children = (
				0684C42B1C245683009E2B79 /* Base */,
			);
			name = LaunchScreen.storyboard;
			sourceTree = "<group>";
		};
/* End PBXVariantGroup section */

/* Begin XCBuildConfiguration section */
		0684C4391C245683009E2B79 /* Debug */ = {
			isa = XCBuildConfiguration;
			buildSettings = {
				ALWAYS_SEARCH_USER_PATHS = NO;
				CLANG_CXX_LANGUAGE_STANDARD = "gnu++0x";
				CLANG_CXX_LIBRARY = "libc++";
				CLANG_ENABLE_MODULES = YES;
				CLANG_ENABLE_OBJC_ARC = YES;
				CLANG_WARN_BOOL_CONVERSION = YES;
				CLANG_WARN_CONSTANT_CONVERSION = YES;
				CLANG_WARN_DIRECT_OBJC_ISA_USAGE = YES_ERROR;
				CLANG_WARN_EMPTY_BODY = YES;
				CLANG_WARN_ENUM_CONVERSION = YES;
				CLANG_WARN_INT_CONVERSION = YES;
				CLANG_WARN_OBJC_ROOT_CLASS = YES_ERROR;
				CLANG_WARN_UNREACHABLE_CODE = YES;
				CLANG_WARN__DUPLICATE_METHOD_MATCH = YES;
				"CODE_SIGN_IDENTITY[sdk=iphoneos*]" = "iPhone Developer";
				COPY_PHASE_STRIP = NO;
				DEBUG_INFORMATION_FORMAT = dwarf;
				ENABLE_STRICT_OBJC_MSGSEND = YES;
				ENABLE_TESTABILITY = YES;
				GCC_C_LANGUAGE_STANDARD = gnu99;
				GCC_DYNAMIC_NO_PIC = NO;
				GCC_NO_COMMON_BLOCKS = YES;
				GCC_OPTIMIZATION_LEVEL = 0;
				GCC_PREPROCESSOR_DEFINITIONS = (
					"DEBUG=1",
					"$(inherited)",
				);
				GCC_WARN_64_TO_32_BIT_CONVERSION = YES;
				GCC_WARN_ABOUT_RETURN_TYPE = YES_ERROR;
				GCC_WARN_UNDECLARED_SELECTOR = YES;
				GCC_WARN_UNINITIALIZED_AUTOS = YES_AGGRESSIVE;
				GCC_WARN_UNUSED_FUNCTION = YES;
				GCC_WARN_UNUSED_VARIABLE = YES;
				IPHONEOS_DEPLOYMENT_TARGET = 9.2;
				MTL_ENABLE_DEBUG_INFO = YES;
				ONLY_ACTIVE_ARCH = YES;
				SDKROOT = iphoneos;
				SWIFT_OPTIMIZATION_LEVEL = "-Onone";
				TARGETED_DEVICE_FAMILY = "1,2";
			};
			name = Debug;
		};
		0684C43A1C245683009E2B79 /* Release */ = {
			isa = XCBuildConfiguration;
			buildSettings = {
				ALWAYS_SEARCH_USER_PATHS = NO;
				CLANG_CXX_LANGUAGE_STANDARD = "gnu++0x";
				CLANG_CXX_LIBRARY = "libc++";
				CLANG_ENABLE_MODULES = YES;
				CLANG_ENABLE_OBJC_ARC = YES;
				CLANG_WARN_BOOL_CONVERSION = YES;
				CLANG_WARN_CONSTANT_CONVERSION = YES;
				CLANG_WARN_DIRECT_OBJC_ISA_USAGE = YES_ERROR;
				CLANG_WARN_EMPTY_BODY = YES;
				CLANG_WARN_ENUM_CONVERSION = YES;
				CLANG_WARN_INT_CONVERSION = YES;
				CLANG_WARN_OBJC_ROOT_CLASS = YES_ERROR;
				CLANG_WARN_UNREACHABLE_CODE = YES;
				CLANG_WARN__DUPLICATE_METHOD_MATCH = YES;
				"CODE_SIGN_IDENTITY[sdk=iphoneos*]" = "iPhone Developer";
				COPY_PHASE_STRIP = NO;
				DEBUG_INFORMATION_FORMAT = "dwarf-with-dsym";
				ENABLE_NS_ASSERTIONS = NO;
				ENABLE_STRICT_OBJC_MSGSEND = YES;
				GCC_C_LANGUAGE_STANDARD = gnu99;
				GCC_NO_COMMON_BLOCKS = YES;
				GCC_WARN_64_TO_32_BIT_CONVERSION = YES;
				GCC_WARN_ABOUT_RETURN_TYPE = YES_ERROR;
				GCC_WARN_UNDECLARED_SELECTOR = YES;
				GCC_WARN_UNINITIALIZED_AUTOS = YES_AGGRESSIVE;
				GCC_WARN_UNUSED_FUNCTION = YES;
				GCC_WARN_UNUSED_VARIABLE = YES;
				IPHONEOS_DEPLOYMENT_TARGET = 9.2;
				MTL_ENABLE_DEBUG_INFO = NO;
				SDKROOT = iphoneos;
				TARGETED_DEVICE_FAMILY = "1,2";
				VALIDATE_PRODUCT = YES;
			};
			name = Release;
		};
		0684C43C1C245683009E2B79 /* Debug */ = {
			isa = XCBuildConfiguration;
			buildSettings = {
				ASSETCATALOG_COMPILER_APPICON_NAME = AppIcon;
				INFOPLIST_FILE = Dealer_App/Info.plist;
				LD_RUNPATH_SEARCH_PATHS = "$(inherited) @executable_path/Frameworks";
				PRODUCT_BUNDLE_IDENTIFIER = "com.example.Dealer-App";
				PRODUCT_NAME = "$(TARGET_NAME)";
			};
			name = Debug;
		};
		0684C43D1C245683009E2B79 /* Release */ = {
			isa = XCBuildConfiguration;
			buildSettings = {
				ASSETCATALOG_COMPILER_APPICON_NAME = AppIcon;
				INFOPLIST_FILE = Dealer_App/Info.plist;
				LD_RUNPATH_SEARCH_PATHS = "$(inherited) @executable_path/Frameworks";
				PRODUCT_BUNDLE_IDENTIFIER = "com.example.Dealer-App";
				PRODUCT_NAME = "$(TARGET_NAME)";
			};
			name = Release;
		};
		0684C43F1C245683009E2B79 /* Debug */ = {
			isa = XCBuildConfiguration;
			buildSettings = {
				BUNDLE_LOADER = "$(TEST_HOST)";
				INFOPLIST_FILE = Dealer_AppTests/Info.plist;
				LD_RUNPATH_SEARCH_PATHS = "$(inherited) @executable_path/Frameworks @loader_path/Frameworks";
				PRODUCT_BUNDLE_IDENTIFIER = "com.example.Dealer-AppTests";
				PRODUCT_NAME = "$(TARGET_NAME)";
				TEST_HOST = "$(BUILT_PRODUCTS_DIR)/Dealer_App.app/Dealer_App";
			};
			name = Debug;
		};
		0684C4401C245683009E2B79 /* Release */ = {
			isa = XCBuildConfiguration;
			buildSettings = {
				BUNDLE_LOADER = "$(TEST_HOST)";
				INFOPLIST_FILE = Dealer_AppTests/Info.plist;
				LD_RUNPATH_SEARCH_PATHS = "$(inherited) @executable_path/Frameworks @loader_path/Frameworks";
				PRODUCT_BUNDLE_IDENTIFIER = "com.example.Dealer-AppTests";
				PRODUCT_NAME = "$(TARGET_NAME)";
				TEST_HOST = "$(BUILT_PRODUCTS_DIR)/Dealer_App.app/Dealer_App";
			};
			name = Release;
		};
/* End XCBuildConfiguration section */

/* Begin XCConfigurationList section */
		0684C4191C245683009E2B79 /* Build configuration list for PBXProject "Dealer_App" */ = {
			isa = XCConfigurationList;
			buildConfigurations = (
				0684C4391C245683009E2B79 /* Debug */,
				0684C43A1C245683009E2B79 /* Release */,
			);
			defaultConfigurationIsVisible = 0;
			defaultConfigurationName = Release;
		};
		0684C43B1C245683009E2B79 /* Build configuration list for PBXNativeTarget "Dealer_App" */ = {
			isa = XCConfigurationList;
			buildConfigurations = (
				0684C43C1C245683009E2B79 /* Debug */,
				0684C43D1C245683009E2B79 /* Release */,
			);
			defaultConfigurationIsVisible = 0;
			defaultConfigurationName = Release;
		};
		0684C43E1C245683009E2B79 /* Build configuration list for PBXNativeTarget "Dealer_AppTests" */ = {
			isa = XCConfigurationList;
			buildConfigurations = (
				0684C43F1C245683009E2B79 /* Debug */,
				0684C4401C245683009E2B79 /* Release */,
			);
			defaultConfigurationIsVisible = 0;
			defaultConfigurationName = Release;
		};
/* End XCConfigurationList section */
	};
	rootObject = 0684C4161C245683009E2B79 /* Project object */;
}
